// !$*UTF8*$!
{
	archiveVersion = 1;
	classes = {
	};
	objectVersion = 50;
	objects = {

/* Begin PBXBuildFile section */
		881CD27E231E014400EA8A12 /* OtherScreenController.swift in Sources */ = {isa = PBXBuildFile; fileRef = 881CD27D231E014400EA8A12 /* OtherScreenController.swift */; };
		8824BD6523273DD300168DF4 /* OldApiReferences.swift in Sources */ = {isa = PBXBuildFile; fileRef = 8824BD6323273DCB00168DF4 /* OldApiReferences.swift */; };
		8854976F231B677C0021BCB1 /* AppDelegate.swift in Sources */ = {isa = PBXBuildFile; fileRef = 8854976E231B677C0021BCB1 /* AppDelegate.swift */; };
		88549776231B677C0021BCB1 /* Main.storyboard in Resources */ = {isa = PBXBuildFile; fileRef = 88549774231B677C0021BCB1 /* Main.storyboard */; };
		88549778231B677D0021BCB1 /* Assets.xcassets in Resources */ = {isa = PBXBuildFile; fileRef = 88549777231B677D0021BCB1 /* Assets.xcassets */; };
		8854977B231B677D0021BCB1 /* LaunchScreen.storyboard in Resources */ = {isa = PBXBuildFile; fileRef = 88549779231B677D0021BCB1 /* LaunchScreen.storyboard */; };
		88549786231B677D0021BCB1 /* MusicFeedTests.swift in Sources */ = {isa = PBXBuildFile; fileRef = 88549785231B677D0021BCB1 /* MusicFeedTests.swift */; };
		88549791231B677D0021BCB1 /* MusicFeedUITests.swift in Sources */ = {isa = PBXBuildFile; fileRef = 88549790231B677D0021BCB1 /* MusicFeedUITests.swift */; };
		885497A0231B71530021BCB1 /* StorageController.swift in Sources */ = {isa = PBXBuildFile; fileRef = 8854979F231B71530021BCB1 /* StorageController.swift */; };
		885497A3231B71990021BCB1 /* Album.swift in Sources */ = {isa = PBXBuildFile; fileRef = 885497A2231B71990021BCB1 /* Album.swift */; };
		885497A5231B71A00021BCB1 /* Artist.swift in Sources */ = {isa = PBXBuildFile; fileRef = 885497A4231B71A00021BCB1 /* Artist.swift */; };
		885497A9231DD0600021BCB1 /* OtherModels.swift in Sources */ = {isa = PBXBuildFile; fileRef = 885497A8231DD0600021BCB1 /* OtherModels.swift */; };
		885497AE231DD9F20021BCB1 /* OAuth2.framework in Frameworks */ = {isa = PBXBuildFile; fileRef = 885497AD231DD9F20021BCB1 /* OAuth2.framework */; };
		885497CF231DEB390021BCB1 /* ArtistSearchCell.swift in Sources */ = {isa = PBXBuildFile; fileRef = 885497CB231DEB390021BCB1 /* ArtistSearchCell.swift */; };
		885497D0231DEB390021BCB1 /* ArtistCell.swift in Sources */ = {isa = PBXBuildFile; fileRef = 885497CC231DEB390021BCB1 /* ArtistCell.swift */; };
		885497D1231DEB390021BCB1 /* ArtistSearchViewController.swift in Sources */ = {isa = PBXBuildFile; fileRef = 885497CD231DEB390021BCB1 /* ArtistSearchViewController.swift */; };
		885497D2231DEB390021BCB1 /* ArtistViewController.swift in Sources */ = {isa = PBXBuildFile; fileRef = 885497CE231DEB390021BCB1 /* ArtistViewController.swift */; };
		885497D7231DEB4C0021BCB1 /* ReleaseCell.swift in Sources */ = {isa = PBXBuildFile; fileRef = 885497D3231DEB4C0021BCB1 /* ReleaseCell.swift */; };
		885497D9231DEB4C0021BCB1 /* ReleaseListViewController.swift in Sources */ = {isa = PBXBuildFile; fileRef = 885497D5231DEB4C0021BCB1 /* ReleaseListViewController.swift */; };
		885497DA231DEB4C0021BCB1 /* ReleaseDetailController.swift in Sources */ = {isa = PBXBuildFile; fileRef = 885497D6231DEB4C0021BCB1 /* ReleaseDetailController.swift */; };
		885497DF231DEC8A0021BCB1 /* NetStatus.swift in Sources */ = {isa = PBXBuildFile; fileRef = 885497DE231DEC8A0021BCB1 /* NetStatus.swift */; };
		886863112325692F007484E9 /* Alamofire.framework in Frameworks */ = {isa = PBXBuildFile; fileRef = 886863102325692F007484E9 /* Alamofire.framework */; };
		889AFE27232419EB000521CA /* FirstViewController.swift in Sources */ = {isa = PBXBuildFile; fileRef = 88549770231B677C0021BCB1 /* FirstViewController.swift */; };
		88F57546232437E900E1A011 /* APICallsOld.swift in Sources */ = {isa = PBXBuildFile; fileRef = 885497A6231C61770021BCB1 /* APICallsOld.swift */; };
		88F57548232437F600E1A011 /* APICalls.swift in Sources */ = {isa = PBXBuildFile; fileRef = 88F57547232437F600E1A011 /* APICalls.swift */; };
		88F5754A232443C200E1A011 /* OAuth2RetryHandler.swift in Sources */ = {isa = PBXBuildFile; fileRef = 88F57549232443C200E1A011 /* OAuth2RetryHandler.swift */; };
/* End PBXBuildFile section */

/* Begin PBXContainerItemProxy section */
		88549782231B677D0021BCB1 /* PBXContainerItemProxy */ = {
			isa = PBXContainerItemProxy;
			containerPortal = 88549763231B677C0021BCB1 /* Project object */;
			proxyType = 1;
			remoteGlobalIDString = 8854976A231B677C0021BCB1;
			remoteInfo = MusicFeed;
		};
		8854978D231B677D0021BCB1 /* PBXContainerItemProxy */ = {
			isa = PBXContainerItemProxy;
			containerPortal = 88549763231B677C0021BCB1 /* Project object */;
			proxyType = 1;
			remoteGlobalIDString = 8854976A231B677C0021BCB1;
			remoteInfo = MusicFeed;
		};
/* End PBXContainerItemProxy section */

/* Begin PBXCopyFilesBuildPhase section */
		88FFC75D2327E5F40030FBA9 /* Embed App Extensions */ = {
			isa = PBXCopyFilesBuildPhase;
			buildActionMask = 2147483647;
			dstPath = "";
			dstSubfolderSpec = 13;
			files = (
			);
			name = "Embed App Extensions";
			runOnlyForDeploymentPostprocessing = 0;
		};
/* End PBXCopyFilesBuildPhase section */

/* Begin PBXFileReference section */
		881CD27D231E014400EA8A12 /* OtherScreenController.swift */ = {isa = PBXFileReference; lastKnownFileType = sourcecode.swift; path = OtherScreenController.swift; sourceTree = "<group>"; };
		8824BD6323273DCB00168DF4 /* OldApiReferences.swift */ = {isa = PBXFileReference; lastKnownFileType = sourcecode.swift; path = OldApiReferences.swift; sourceTree = "<group>"; };
		8854976B231B677C0021BCB1 /* MusicFeed.app */ = {isa = PBXFileReference; explicitFileType = wrapper.application; includeInIndex = 0; path = MusicFeed.app; sourceTree = BUILT_PRODUCTS_DIR; };
		8854976E231B677C0021BCB1 /* AppDelegate.swift */ = {isa = PBXFileReference; lastKnownFileType = sourcecode.swift; path = AppDelegate.swift; sourceTree = "<group>"; };
		88549770231B677C0021BCB1 /* FirstViewController.swift */ = {isa = PBXFileReference; lastKnownFileType = sourcecode.swift; path = FirstViewController.swift; sourceTree = "<group>"; };
		88549775231B677C0021BCB1 /* Base */ = {isa = PBXFileReference; lastKnownFileType = file.storyboard; name = Base; path = Base.lproj/Main.storyboard; sourceTree = "<group>"; };
		88549777231B677D0021BCB1 /* Assets.xcassets */ = {isa = PBXFileReference; lastKnownFileType = folder.assetcatalog; path = Assets.xcassets; sourceTree = "<group>"; };
		8854977A231B677D0021BCB1 /* Base */ = {isa = PBXFileReference; lastKnownFileType = file.storyboard; name = Base; path = Base.lproj/LaunchScreen.storyboard; sourceTree = "<group>"; };
		8854977C231B677D0021BCB1 /* Info.plist */ = {isa = PBXFileReference; lastKnownFileType = text.plist.xml; path = Info.plist; sourceTree = "<group>"; };
		88549781231B677D0021BCB1 /* MusicFeedTests.xctest */ = {isa = PBXFileReference; explicitFileType = wrapper.cfbundle; includeInIndex = 0; path = MusicFeedTests.xctest; sourceTree = BUILT_PRODUCTS_DIR; };
		88549785231B677D0021BCB1 /* MusicFeedTests.swift */ = {isa = PBXFileReference; lastKnownFileType = sourcecode.swift; path = MusicFeedTests.swift; sourceTree = "<group>"; };
		88549787231B677D0021BCB1 /* Info.plist */ = {isa = PBXFileReference; lastKnownFileType = text.plist.xml; path = Info.plist; sourceTree = "<group>"; };
		8854978C231B677D0021BCB1 /* MusicFeedUITests.xctest */ = {isa = PBXFileReference; explicitFileType = wrapper.cfbundle; includeInIndex = 0; path = MusicFeedUITests.xctest; sourceTree = BUILT_PRODUCTS_DIR; };
		88549790231B677D0021BCB1 /* MusicFeedUITests.swift */ = {isa = PBXFileReference; lastKnownFileType = sourcecode.swift; path = MusicFeedUITests.swift; sourceTree = "<group>"; };
		88549792231B677D0021BCB1 /* Info.plist */ = {isa = PBXFileReference; lastKnownFileType = text.plist.xml; path = Info.plist; sourceTree = "<group>"; };
		8854979F231B71530021BCB1 /* StorageController.swift */ = {isa = PBXFileReference; lastKnownFileType = sourcecode.swift; path = StorageController.swift; sourceTree = "<group>"; };
		885497A2231B71990021BCB1 /* Album.swift */ = {isa = PBXFileReference; lastKnownFileType = sourcecode.swift; path = Album.swift; sourceTree = "<group>"; };
		885497A4231B71A00021BCB1 /* Artist.swift */ = {isa = PBXFileReference; lastKnownFileType = sourcecode.swift; path = Artist.swift; sourceTree = "<group>"; };
		885497A6231C61770021BCB1 /* APICallsOld.swift */ = {isa = PBXFileReference; lastKnownFileType = sourcecode.swift; path = APICallsOld.swift; sourceTree = "<group>"; };
		885497A8231DD0600021BCB1 /* OtherModels.swift */ = {isa = PBXFileReference; lastKnownFileType = sourcecode.swift; path = OtherModels.swift; sourceTree = "<group>"; };
		885497AD231DD9F20021BCB1 /* OAuth2.framework */ = {isa = PBXFileReference; lastKnownFileType = wrapper.framework; name = OAuth2.framework; path = Carthage/Build/iOS/OAuth2.framework; sourceTree = "<group>"; };
		885497CB231DEB390021BCB1 /* ArtistSearchCell.swift */ = {isa = PBXFileReference; fileEncoding = 4; lastKnownFileType = sourcecode.swift; name = ArtistSearchCell.swift; path = "../../../../../../.Trash/Views 20-26-26-818/Artist List/ArtistSearchCell.swift"; sourceTree = "<group>"; };
		885497CC231DEB390021BCB1 /* ArtistCell.swift */ = {isa = PBXFileReference; fileEncoding = 4; lastKnownFileType = sourcecode.swift; name = ArtistCell.swift; path = "../../../../../../.Trash/Views 20-26-26-818/Artist List/ArtistCell.swift"; sourceTree = "<group>"; };
		885497CD231DEB390021BCB1 /* ArtistSearchViewController.swift */ = {isa = PBXFileReference; fileEncoding = 4; lastKnownFileType = sourcecode.swift; name = ArtistSearchViewController.swift; path = "../../../../../../.Trash/Views 20-26-26-818/Artist List/ArtistSearchViewController.swift"; sourceTree = "<group>"; };
		885497CE231DEB390021BCB1 /* ArtistViewController.swift */ = {isa = PBXFileReference; fileEncoding = 4; lastKnownFileType = sourcecode.swift; name = ArtistViewController.swift; path = "../../../../../../.Trash/Views 20-26-26-818/Artist List/ArtistViewController.swift"; sourceTree = "<group>"; };
		885497D3231DEB4C0021BCB1 /* ReleaseCell.swift */ = {isa = PBXFileReference; fileEncoding = 4; lastKnownFileType = sourcecode.swift; name = ReleaseCell.swift; path = "../../../../../../.Trash/Views 20-26-26-818/Release List/ReleaseCell.swift"; sourceTree = "<group>"; };
		885497D5231DEB4C0021BCB1 /* ReleaseListViewController.swift */ = {isa = PBXFileReference; fileEncoding = 4; lastKnownFileType = sourcecode.swift; name = ReleaseListViewController.swift; path = "../../../../../../.Trash/Views 20-26-26-818/Release List/ReleaseListViewController.swift"; sourceTree = "<group>"; };
		885497D6231DEB4C0021BCB1 /* ReleaseDetailController.swift */ = {isa = PBXFileReference; fileEncoding = 4; lastKnownFileType = sourcecode.swift; name = ReleaseDetailController.swift; path = "../../../../../../.Trash/Views 20-26-26-818/Release List/ReleaseDetailController.swift"; sourceTree = "<group>"; };
		885497DE231DEC8A0021BCB1 /* NetStatus.swift */ = {isa = PBXFileReference; lastKnownFileType = sourcecode.swift; path = NetStatus.swift; sourceTree = "<group>"; };
		886863102325692F007484E9 /* Alamofire.framework */ = {isa = PBXFileReference; lastKnownFileType = wrapper.framework; name = Alamofire.framework; path = Carthage/Build/iOS/Alamofire.framework; sourceTree = "<group>"; };
		88F57547232437F600E1A011 /* APICalls.swift */ = {isa = PBXFileReference; lastKnownFileType = sourcecode.swift; path = APICalls.swift; sourceTree = "<group>"; };
		88F57549232443C200E1A011 /* OAuth2RetryHandler.swift */ = {isa = PBXFileReference; lastKnownFileType = sourcecode.swift; path = OAuth2RetryHandler.swift; sourceTree = "<group>"; };
/* End PBXFileReference section */

/* Begin PBXFrameworksBuildPhase section */
		88549768231B677C0021BCB1 /* Frameworks */ = {
			isa = PBXFrameworksBuildPhase;
			buildActionMask = 2147483647;
			files = (
				886863112325692F007484E9 /* Alamofire.framework in Frameworks */,
				885497AE231DD9F20021BCB1 /* OAuth2.framework in Frameworks */,
			);
			runOnlyForDeploymentPostprocessing = 0;
		};
		8854977E231B677D0021BCB1 /* Frameworks */ = {
			isa = PBXFrameworksBuildPhase;
			buildActionMask = 2147483647;
			files = (
			);
			runOnlyForDeploymentPostprocessing = 0;
		};
		88549789231B677D0021BCB1 /* Frameworks */ = {
			isa = PBXFrameworksBuildPhase;
			buildActionMask = 2147483647;
			files = (
			);
			runOnlyForDeploymentPostprocessing = 0;
		};
/* End PBXFrameworksBuildPhase section */

/* Begin PBXGroup section */
		88549762231B677C0021BCB1 = {
			isa = PBXGroup;
			children = (
				8854976D231B677C0021BCB1 /* MusicFeed */,
				88549784231B677D0021BCB1 /* MusicFeedTests */,
				8854978F231B677D0021BCB1 /* MusicFeedUITests */,
				8854976C231B677C0021BCB1 /* Products */,
				885497AC231DD9F20021BCB1 /* Frameworks */,
			);
			sourceTree = "<group>";
		};
		8854976C231B677C0021BCB1 /* Products */ = {
			isa = PBXGroup;
			children = (
				8854976B231B677C0021BCB1 /* MusicFeed.app */,
				88549781231B677D0021BCB1 /* MusicFeedTests.xctest */,
				8854978C231B677D0021BCB1 /* MusicFeedUITests.xctest */,
			);
			name = Products;
			sourceTree = "<group>";
		};
		8854976D231B677C0021BCB1 /* MusicFeed */ = {
			isa = PBXGroup;
			children = (
				885497B5231DEA560021BCB1 /* Views */,
				885497A1231B716F0021BCB1 /* Models */,
				88F57547232437F600E1A011 /* APICalls.swift */,
				88549774231B677C0021BCB1 /* Main.storyboard */,
				88549777231B677D0021BCB1 /* Assets.xcassets */,
				8854976E231B677C0021BCB1 /* AppDelegate.swift */,
				88549779231B677D0021BCB1 /* LaunchScreen.storyboard */,
				8854977C231B677D0021BCB1 /* Info.plist */,
			);
			path = MusicFeed;
			sourceTree = "<group>";
		};
		88549784231B677D0021BCB1 /* MusicFeedTests */ = {
			isa = PBXGroup;
			children = (
				885497A6231C61770021BCB1 /* APICallsOld.swift */,
				8824BD6323273DCB00168DF4 /* OldApiReferences.swift */,
				88549770231B677C0021BCB1 /* FirstViewController.swift */,
				88549785231B677D0021BCB1 /* MusicFeedTests.swift */,
				88549787231B677D0021BCB1 /* Info.plist */,
			);
			path = MusicFeedTests;
			sourceTree = "<group>";
		};
		8854978F231B677D0021BCB1 /* MusicFeedUITests */ = {
			isa = PBXGroup;
			children = (
				88549790231B677D0021BCB1 /* MusicFeedUITests.swift */,
				88549792231B677D0021BCB1 /* Info.plist */,
			);
			path = MusicFeedUITests;
			sourceTree = "<group>";
		};
		885497A1231B716F0021BCB1 /* Models */ = {
			isa = PBXGroup;
			children = (
				885497A2231B71990021BCB1 /* Album.swift */,
				885497A4231B71A00021BCB1 /* Artist.swift */,
				885497DE231DEC8A0021BCB1 /* NetStatus.swift */,
				885497A8231DD0600021BCB1 /* OtherModels.swift */,
				8854979F231B71530021BCB1 /* StorageController.swift */,
				88F57549232443C200E1A011 /* OAuth2RetryHandler.swift */,
			);
			path = Models;
			sourceTree = "<group>";
		};
		885497AC231DD9F20021BCB1 /* Frameworks */ = {
			isa = PBXGroup;
			children = (
				886863102325692F007484E9 /* Alamofire.framework */,
				885497AD231DD9F20021BCB1 /* OAuth2.framework */,
			);
			name = Frameworks;
			sourceTree = "<group>";
		};
		885497B5231DEA560021BCB1 /* Views */ = {
			isa = PBXGroup;
			children = (
				885497B8231DEA6D0021BCB1 /* Release List */,
				885497B6231DEA5F0021BCB1 /* Artist List */,
				885497B7231DEA660021BCB1 /* Other Screen */,
			);
			path = Views;
			sourceTree = "<group>";
		};
		885497B6231DEA5F0021BCB1 /* Artist List */ = {
			isa = PBXGroup;
			children = (
				885497CE231DEB390021BCB1 /* ArtistViewController.swift */,
				885497CD231DEB390021BCB1 /* ArtistSearchViewController.swift */,
				885497CC231DEB390021BCB1 /* ArtistCell.swift */,
				885497CB231DEB390021BCB1 /* ArtistSearchCell.swift */,
			);
			path = "Artist List";
			sourceTree = "<group>";
		};
		885497B7231DEA660021BCB1 /* Other Screen */ = {
			isa = PBXGroup;
			children = (
				881CD27D231E014400EA8A12 /* OtherScreenController.swift */,
			);
			path = "Other Screen";
			sourceTree = "<group>";
		};
		885497B8231DEA6D0021BCB1 /* Release List */ = {
			isa = PBXGroup;
			children = (
				885497D5231DEB4C0021BCB1 /* ReleaseListViewController.swift */,
				885497D6231DEB4C0021BCB1 /* ReleaseDetailController.swift */,
				885497D3231DEB4C0021BCB1 /* ReleaseCell.swift */,
			);
			path = "Release List";
			sourceTree = "<group>";
		};
/* End PBXGroup section */

/* Begin PBXNativeTarget section */
		8854976A231B677C0021BCB1 /* MusicFeed */ = {
			isa = PBXNativeTarget;
			buildConfigurationList = 88549795231B677D0021BCB1 /* Build configuration list for PBXNativeTarget "MusicFeed" */;
			buildPhases = (
				88549767231B677C0021BCB1 /* Sources */,
				88549768231B677C0021BCB1 /* Frameworks */,
				88549769231B677C0021BCB1 /* Resources */,
				885497AF231DDA290021BCB1 /* ShellScript */,
				88FFC75D2327E5F40030FBA9 /* Embed App Extensions */,
			);
			buildRules = (
			);
			dependencies = (
			);
			name = MusicFeed;
			productName = MusicFeed;
			productReference = 8854976B231B677C0021BCB1 /* MusicFeed.app */;
			productType = "com.apple.product-type.application";
		};
		88549780231B677D0021BCB1 /* MusicFeedTests */ = {
			isa = PBXNativeTarget;
			buildConfigurationList = 88549798231B677D0021BCB1 /* Build configuration list for PBXNativeTarget "MusicFeedTests" */;
			buildPhases = (
				8854977D231B677D0021BCB1 /* Sources */,
				8854977E231B677D0021BCB1 /* Frameworks */,
				8854977F231B677D0021BCB1 /* Resources */,
			);
			buildRules = (
			);
			dependencies = (
				88549783231B677D0021BCB1 /* PBXTargetDependency */,
			);
			name = MusicFeedTests;
			productName = MusicFeedTests;
			productReference = 88549781231B677D0021BCB1 /* MusicFeedTests.xctest */;
			productType = "com.apple.product-type.bundle.unit-test";
		};
		8854978B231B677D0021BCB1 /* MusicFeedUITests */ = {
			isa = PBXNativeTarget;
			buildConfigurationList = 8854979B231B677D0021BCB1 /* Build configuration list for PBXNativeTarget "MusicFeedUITests" */;
			buildPhases = (
				88549788231B677D0021BCB1 /* Sources */,
				88549789231B677D0021BCB1 /* Frameworks */,
				8854978A231B677D0021BCB1 /* Resources */,
			);
			buildRules = (
			);
			dependencies = (
				8854978E231B677D0021BCB1 /* PBXTargetDependency */,
			);
			name = MusicFeedUITests;
			productName = MusicFeedUITests;
			productReference = 8854978C231B677D0021BCB1 /* MusicFeedUITests.xctest */;
			productType = "com.apple.product-type.bundle.ui-testing";
		};
/* End PBXNativeTarget section */

/* Begin PBXProject section */
		88549763231B677C0021BCB1 /* Project object */ = {
			isa = PBXProject;
			attributes = {
				LastSwiftUpdateCheck = 1030;
				LastUpgradeCheck = 1030;
				ORGANIZATIONNAME = "Reed Metzler-Gilbertz";
				TargetAttributes = {
					8854976A231B677C0021BCB1 = {
						CreatedOnToolsVersion = 10.3;
					};
					88549780231B677D0021BCB1 = {
						CreatedOnToolsVersion = 10.3;
						TestTargetID = 8854976A231B677C0021BCB1;
					};
					8854978B231B677D0021BCB1 = {
						CreatedOnToolsVersion = 10.3;
						TestTargetID = 8854976A231B677C0021BCB1;
					};
				};
			};
			buildConfigurationList = 88549766231B677C0021BCB1 /* Build configuration list for PBXProject "MusicFeed" */;
			compatibilityVersion = "Xcode 9.3";
			developmentRegion = en;
			hasScannedForEncodings = 0;
			knownRegions = (
				en,
				Base,
			);
			mainGroup = 88549762231B677C0021BCB1;
			productRefGroup = 8854976C231B677C0021BCB1 /* Products */;
			projectDirPath = "";
			projectRoot = "";
			targets = (
				8854976A231B677C0021BCB1 /* MusicFeed */,
				88549780231B677D0021BCB1 /* MusicFeedTests */,
				8854978B231B677D0021BCB1 /* MusicFeedUITests */,
			);
		};
/* End PBXProject section */

/* Begin PBXResourcesBuildPhase section */
		88549769231B677C0021BCB1 /* Resources */ = {
			isa = PBXResourcesBuildPhase;
			buildActionMask = 2147483647;
			files = (
				8854977B231B677D0021BCB1 /* LaunchScreen.storyboard in Resources */,
				88549778231B677D0021BCB1 /* Assets.xcassets in Resources */,
				88549776231B677C0021BCB1 /* Main.storyboard in Resources */,
			);
			runOnlyForDeploymentPostprocessing = 0;
		};
		8854977F231B677D0021BCB1 /* Resources */ = {
			isa = PBXResourcesBuildPhase;
			buildActionMask = 2147483647;
			files = (
			);
			runOnlyForDeploymentPostprocessing = 0;
		};
		8854978A231B677D0021BCB1 /* Resources */ = {
			isa = PBXResourcesBuildPhase;
			buildActionMask = 2147483647;
			files = (
			);
			runOnlyForDeploymentPostprocessing = 0;
		};
/* End PBXResourcesBuildPhase section */

/* Begin PBXShellScriptBuildPhase section */
		885497AF231DDA290021BCB1 /* ShellScript */ = {
			isa = PBXShellScriptBuildPhase;
			buildActionMask = 2147483647;
			files = (
			);
			inputFileListPaths = (
			);
			inputPaths = (
				"$(SRCROOT)/Carthage/Build/iOS/OAuth2.framework",
				"$(SRCROOT)/Carthage/Build/iOS/Alamofire.framework",
			);
			outputFileListPaths = (
			);
			outputPaths = (
			);
			runOnlyForDeploymentPostprocessing = 0;
			shellPath = /bin/sh;
			shellScript = "/usr/local/bin/carthage copy-frameworks\n";
		};
/* End PBXShellScriptBuildPhase section */

/* Begin PBXSourcesBuildPhase section */
		88549767231B677C0021BCB1 /* Sources */ = {
			isa = PBXSourcesBuildPhase;
			buildActionMask = 2147483647;
			files = (
				885497DA231DEB4C0021BCB1 /* ReleaseDetailController.swift in Sources */,
				885497D1231DEB390021BCB1 /* ArtistSearchViewController.swift in Sources */,
				88F57548232437F600E1A011 /* APICalls.swift in Sources */,
				885497A5231B71A00021BCB1 /* Artist.swift in Sources */,
				885497CF231DEB390021BCB1 /* ArtistSearchCell.swift in Sources */,
				885497A9231DD0600021BCB1 /* OtherModels.swift in Sources */,
				8854976F231B677C0021BCB1 /* AppDelegate.swift in Sources */,
				88F5754A232443C200E1A011 /* OAuth2RetryHandler.swift in Sources */,
				881CD27E231E014400EA8A12 /* OtherScreenController.swift in Sources */,
				885497A0231B71530021BCB1 /* StorageController.swift in Sources */,
				885497A3231B71990021BCB1 /* Album.swift in Sources */,
				885497DF231DEC8A0021BCB1 /* NetStatus.swift in Sources */,
				885497D0231DEB390021BCB1 /* ArtistCell.swift in Sources */,
				885497D7231DEB4C0021BCB1 /* ReleaseCell.swift in Sources */,
				885497D2231DEB390021BCB1 /* ArtistViewController.swift in Sources */,
				885497D9231DEB4C0021BCB1 /* ReleaseListViewController.swift in Sources */,
			);
			runOnlyForDeploymentPostprocessing = 0;
		};
		8854977D231B677D0021BCB1 /* Sources */ = {
			isa = PBXSourcesBuildPhase;
			buildActionMask = 2147483647;
			files = (
				8824BD6523273DD300168DF4 /* OldApiReferences.swift in Sources */,
				88549786231B677D0021BCB1 /* MusicFeedTests.swift in Sources */,
				889AFE27232419EB000521CA /* FirstViewController.swift in Sources */,
				88F57546232437E900E1A011 /* APICallsOld.swift in Sources */,
			);
			runOnlyForDeploymentPostprocessing = 0;
		};
		88549788231B677D0021BCB1 /* Sources */ = {
			isa = PBXSourcesBuildPhase;
			buildActionMask = 2147483647;
			files = (
				88549791231B677D0021BCB1 /* MusicFeedUITests.swift in Sources */,
			);
			runOnlyForDeploymentPostprocessing = 0;
		};
/* End PBXSourcesBuildPhase section */

/* Begin PBXTargetDependency section */
		88549783231B677D0021BCB1 /* PBXTargetDependency */ = {
			isa = PBXTargetDependency;
			target = 8854976A231B677C0021BCB1 /* MusicFeed */;
			targetProxy = 88549782231B677D0021BCB1 /* PBXContainerItemProxy */;
		};
		8854978E231B677D0021BCB1 /* PBXTargetDependency */ = {
			isa = PBXTargetDependency;
			target = 8854976A231B677C0021BCB1 /* MusicFeed */;
			targetProxy = 8854978D231B677D0021BCB1 /* PBXContainerItemProxy */;
		};
/* End PBXTargetDependency section */

/* Begin PBXVariantGroup section */
		88549774231B677C0021BCB1 /* Main.storyboard */ = {
			isa = PBXVariantGroup;
			children = (
				88549775231B677C0021BCB1 /* Base */,
			);
			name = Main.storyboard;
			sourceTree = "<group>";
		};
		88549779231B677D0021BCB1 /* LaunchScreen.storyboard */ = {
			isa = PBXVariantGroup;
			children = (
				8854977A231B677D0021BCB1 /* Base */,
			);
			name = LaunchScreen.storyboard;
			sourceTree = "<group>";
		};
/* End PBXVariantGroup section */

/* Begin XCBuildConfiguration section */
		88549793231B677D0021BCB1 /* Debug */ = {
			isa = XCBuildConfiguration;
			buildSettings = {
				ALWAYS_SEARCH_USER_PATHS = NO;
				CLANG_ANALYZER_NONNULL = YES;
				CLANG_ANALYZER_NUMBER_OBJECT_CONVERSION = YES_AGGRESSIVE;
				CLANG_CXX_LANGUAGE_STANDARD = "gnu++14";
				CLANG_CXX_LIBRARY = "libc++";
				CLANG_ENABLE_MODULES = YES;
				CLANG_ENABLE_OBJC_ARC = YES;
				CLANG_ENABLE_OBJC_WEAK = YES;
				CLANG_WARN_BLOCK_CAPTURE_AUTORELEASING = YES;
				CLANG_WARN_BOOL_CONVERSION = YES;
				CLANG_WARN_COMMA = YES;
				CLANG_WARN_CONSTANT_CONVERSION = YES;
				CLANG_WARN_DEPRECATED_OBJC_IMPLEMENTATIONS = YES;
				CLANG_WARN_DIRECT_OBJC_ISA_USAGE = YES_ERROR;
				CLANG_WARN_DOCUMENTATION_COMMENTS = YES;
				CLANG_WARN_EMPTY_BODY = YES;
				CLANG_WARN_ENUM_CONVERSION = YES;
				CLANG_WARN_INFINITE_RECURSION = YES;
				CLANG_WARN_INT_CONVERSION = YES;
				CLANG_WARN_NON_LITERAL_NULL_CONVERSION = YES;
				CLANG_WARN_OBJC_IMPLICIT_RETAIN_SELF = YES;
				CLANG_WARN_OBJC_LITERAL_CONVERSION = YES;
				CLANG_WARN_OBJC_ROOT_CLASS = YES_ERROR;
				CLANG_WARN_RANGE_LOOP_ANALYSIS = YES;
				CLANG_WARN_STRICT_PROTOTYPES = YES;
				CLANG_WARN_SUSPICIOUS_MOVE = YES;
				CLANG_WARN_UNGUARDED_AVAILABILITY = YES_AGGRESSIVE;
				CLANG_WARN_UNREACHABLE_CODE = YES;
				CLANG_WARN__DUPLICATE_METHOD_MATCH = YES;
				CODE_SIGN_IDENTITY = "iPhone Developer";
				COPY_PHASE_STRIP = NO;
				DEBUG_INFORMATION_FORMAT = dwarf;
				ENABLE_STRICT_OBJC_MSGSEND = YES;
				ENABLE_TESTABILITY = YES;
				GCC_C_LANGUAGE_STANDARD = gnu11;
				GCC_DYNAMIC_NO_PIC = NO;
				GCC_NO_COMMON_BLOCKS = YES;
				GCC_OPTIMIZATION_LEVEL = 0;
				GCC_PREPROCESSOR_DEFINITIONS = (
					"DEBUG=1",
					"$(inherited)",
				);
				GCC_WARN_64_TO_32_BIT_CONVERSION = YES;
				GCC_WARN_ABOUT_RETURN_TYPE = YES_ERROR;
				GCC_WARN_UNDECLARED_SELECTOR = YES;
				GCC_WARN_UNINITIALIZED_AUTOS = YES_AGGRESSIVE;
				GCC_WARN_UNUSED_FUNCTION = YES;
				GCC_WARN_UNUSED_VARIABLE = YES;
				IPHONEOS_DEPLOYMENT_TARGET = 12.0;
				MTL_ENABLE_DEBUG_INFO = INCLUDE_SOURCE;
				MTL_FAST_MATH = YES;
				ONLY_ACTIVE_ARCH = YES;
				SDKROOT = iphoneos;
				SWIFT_ACTIVE_COMPILATION_CONDITIONS = DEBUG;
				SWIFT_OPTIMIZATION_LEVEL = "-Onone";
			};
			name = Debug;
		};
		88549794231B677D0021BCB1 /* Release */ = {
			isa = XCBuildConfiguration;
			buildSettings = {
				ALWAYS_SEARCH_USER_PATHS = NO;
				CLANG_ANALYZER_NONNULL = YES;
				CLANG_ANALYZER_NUMBER_OBJECT_CONVERSION = YES_AGGRESSIVE;
				CLANG_CXX_LANGUAGE_STANDARD = "gnu++14";
				CLANG_CXX_LIBRARY = "libc++";
				CLANG_ENABLE_MODULES = YES;
				CLANG_ENABLE_OBJC_ARC = YES;
				CLANG_ENABLE_OBJC_WEAK = YES;
				CLANG_WARN_BLOCK_CAPTURE_AUTORELEASING = YES;
				CLANG_WARN_BOOL_CONVERSION = YES;
				CLANG_WARN_COMMA = YES;
				CLANG_WARN_CONSTANT_CONVERSION = YES;
				CLANG_WARN_DEPRECATED_OBJC_IMPLEMENTATIONS = YES;
				CLANG_WARN_DIRECT_OBJC_ISA_USAGE = YES_ERROR;
				CLANG_WARN_DOCUMENTATION_COMMENTS = YES;
				CLANG_WARN_EMPTY_BODY = YES;
				CLANG_WARN_ENUM_CONVERSION = YES;
				CLANG_WARN_INFINITE_RECURSION = YES;
				CLANG_WARN_INT_CONVERSION = YES;
				CLANG_WARN_NON_LITERAL_NULL_CONVERSION = YES;
				CLANG_WARN_OBJC_IMPLICIT_RETAIN_SELF = YES;
				CLANG_WARN_OBJC_LITERAL_CONVERSION = YES;
				CLANG_WARN_OBJC_ROOT_CLASS = YES_ERROR;
				CLANG_WARN_RANGE_LOOP_ANALYSIS = YES;
				CLANG_WARN_STRICT_PROTOTYPES = YES;
				CLANG_WARN_SUSPICIOUS_MOVE = YES;
				CLANG_WARN_UNGUARDED_AVAILABILITY = YES_AGGRESSIVE;
				CLANG_WARN_UNREACHABLE_CODE = YES;
				CLANG_WARN__DUPLICATE_METHOD_MATCH = YES;
				CODE_SIGN_IDENTITY = "iPhone Developer";
				COPY_PHASE_STRIP = NO;
				DEBUG_INFORMATION_FORMAT = "dwarf-with-dsym";
				ENABLE_NS_ASSERTIONS = NO;
				ENABLE_STRICT_OBJC_MSGSEND = YES;
				GCC_C_LANGUAGE_STANDARD = gnu11;
				GCC_NO_COMMON_BLOCKS = YES;
				GCC_WARN_64_TO_32_BIT_CONVERSION = YES;
				GCC_WARN_ABOUT_RETURN_TYPE = YES_ERROR;
				GCC_WARN_UNDECLARED_SELECTOR = YES;
				GCC_WARN_UNINITIALIZED_AUTOS = YES_AGGRESSIVE;
				GCC_WARN_UNUSED_FUNCTION = YES;
				GCC_WARN_UNUSED_VARIABLE = YES;
				IPHONEOS_DEPLOYMENT_TARGET = 12.0;
				MTL_ENABLE_DEBUG_INFO = NO;
				MTL_FAST_MATH = YES;
				SDKROOT = iphoneos;
				SWIFT_COMPILATION_MODE = wholemodule;
				SWIFT_OPTIMIZATION_LEVEL = "-O";
				VALIDATE_PRODUCT = YES;
			};
			name = Release;
		};
		88549796231B677D0021BCB1 /* Debug */ = {
			isa = XCBuildConfiguration;
			buildSettings = {
				ALWAYS_EMBED_SWIFT_STANDARD_LIBRARIES = YES;
				ASSETCATALOG_COMPILER_APPICON_NAME = AppIcon;
				CODE_SIGN_STYLE = Automatic;
				DEVELOPMENT_TEAM = 7Z6UGT7ZS6;
				FRAMEWORK_SEARCH_PATHS = (
					"$(inherited)",
					"$(PROJECT_DIR)/Carthage/Build/iOS",
				);
				INFOPLIST_FILE = MusicFeed/Info.plist;
				LD_RUNPATH_SEARCH_PATHS = (
					"$(inherited)",
					"@executable_path/Frameworks",
				);
				PRODUCT_BUNDLE_IDENTIFIER = com.spasdesign.MusicFeed;
				PRODUCT_NAME = "$(TARGET_NAME)";
				SWIFT_VERSION = 5.0;
				TARGETED_DEVICE_FAMILY = 1;
			};
			name = Debug;
		};
		88549797231B677D0021BCB1 /* Release */ = {
			isa = XCBuildConfiguration;
			buildSettings = {
				ALWAYS_EMBED_SWIFT_STANDARD_LIBRARIES = YES;
				ASSETCATALOG_COMPILER_APPICON_NAME = AppIcon;
				CODE_SIGN_STYLE = Automatic;
				DEVELOPMENT_TEAM = 7Z6UGT7ZS6;
				FRAMEWORK_SEARCH_PATHS = (
					"$(inherited)",
					"$(PROJECT_DIR)/Carthage/Build/iOS",
				);
				INFOPLIST_FILE = MusicFeed/Info.plist;
				LD_RUNPATH_SEARCH_PATHS = (
					"$(inherited)",
					"@executable_path/Frameworks",
				);
				PRODUCT_BUNDLE_IDENTIFIER = com.spasdesign.MusicFeed;
				PRODUCT_NAME = "$(TARGET_NAME)";
				SWIFT_VERSION = 5.0;
				TARGETED_DEVICE_FAMILY = 1;
			};
			name = Release;
		};
		88549799231B677D0021BCB1 /* Debug */ = {
			isa = XCBuildConfiguration;
			buildSettings = {
				ALWAYS_EMBED_SWIFT_STANDARD_LIBRARIES = YES;
				BUNDLE_LOADER = "$(TEST_HOST)";
				CODE_SIGN_STYLE = Automatic;
				DEVELOPMENT_TEAM = 7Z6UGT7ZS6;
				INFOPLIST_FILE = MusicFeedTests/Info.plist;
				LD_RUNPATH_SEARCH_PATHS = (
					"$(inherited)",
					"@executable_path/Frameworks",
					"@loader_path/Frameworks",
				);
				PRODUCT_BUNDLE_IDENTIFIER = com.spasdesign.MusicFeedTests;
				PRODUCT_NAME = "$(TARGET_NAME)";
				SWIFT_VERSION = 5.0;
				TARGETED_DEVICE_FAMILY = "1,2";
				TEST_HOST = "$(BUILT_PRODUCTS_DIR)/MusicFeed.app/MusicFeed";
			};
			name = Debug;
		};
		8854979A231B677D0021BCB1 /* Release */ = {
			isa = XCBuildConfiguration;
			buildSettings = {
				ALWAYS_EMBED_SWIFT_STANDARD_LIBRARIES = YES;
				BUNDLE_LOADER = "$(TEST_HOST)";
				CODE_SIGN_STYLE = Automatic;
				DEVELOPMENT_TEAM = 7Z6UGT7ZS6;
				INFOPLIST_FILE = MusicFeedTests/Info.plist;
				LD_RUNPATH_SEARCH_PATHS = (
					"$(inherited)",
					"@executable_path/Frameworks",
					"@loader_path/Frameworks",
				);
				PRODUCT_BUNDLE_IDENTIFIER = com.spasdesign.MusicFeedTests;
				PRODUCT_NAME = "$(TARGET_NAME)";
				SWIFT_VERSION = 5.0;
				TARGETED_DEVICE_FAMILY = "1,2";
				TEST_HOST = "$(BUILT_PRODUCTS_DIR)/MusicFeed.app/MusicFeed";
			};
			name = Release;
		};
		8854979C231B677D0021BCB1 /* Debug */ = {
			isa = XCBuildConfiguration;
			buildSettings = {
				ALWAYS_EMBED_SWIFT_STANDARD_LIBRARIES = YES;
				CODE_SIGN_STYLE = Automatic;
				DEVELOPMENT_TEAM = 7Z6UGT7ZS6;
				INFOPLIST_FILE = MusicFeedUITests/Info.plist;
				LD_RUNPATH_SEARCH_PATHS = (
					"$(inherited)",
					"@executable_path/Frameworks",
					"@loader_path/Frameworks",
				);
				PRODUCT_BUNDLE_IDENTIFIER = com.spasdesign.MusicFeedUITests;
				PRODUCT_NAME = "$(TARGET_NAME)";
				SWIFT_VERSION = 5.0;
				TARGETED_DEVICE_FAMILY = "1,2";
				TEST_TARGET_NAME = MusicFeed;
			};
			name = Debug;
		};
		8854979D231B677D0021BCB1 /* Release */ = {
			isa = XCBuildConfiguration;
			buildSettings = {
				ALWAYS_EMBED_SWIFT_STANDARD_LIBRARIES = YES;
				CODE_SIGN_STYLE = Automatic;
				DEVELOPMENT_TEAM = 7Z6UGT7ZS6;
				INFOPLIST_FILE = MusicFeedUITests/Info.plist;
				LD_RUNPATH_SEARCH_PATHS = (
					"$(inherited)",
					"@executable_path/Frameworks",
					"@loader_path/Frameworks",
				);
				PRODUCT_BUNDLE_IDENTIFIER = com.spasdesign.MusicFeedUITests;
				PRODUCT_NAME = "$(TARGET_NAME)";
				SWIFT_VERSION = 5.0;
				TARGETED_DEVICE_FAMILY = "1,2";
				TEST_TARGET_NAME = MusicFeed;
			};
			name = Release;
		};
/* End XCBuildConfiguration section */

/* Begin XCConfigurationList section */
		88549766231B677C0021BCB1 /* Build configuration list for PBXProject "MusicFeed" */ = {
			isa = XCConfigurationList;
			buildConfigurations = (
				88549793231B677D0021BCB1 /* Debug */,
				88549794231B677D0021BCB1 /* Release */,
			);
			defaultConfigurationIsVisible = 0;
			defaultConfigurationName = Release;
		};
		88549795231B677D0021BCB1 /* Build configuration list for PBXNativeTarget "MusicFeed" */ = {
			isa = XCConfigurationList;
			buildConfigurations = (
				88549796231B677D0021BCB1 /* Debug */,
				88549797231B677D0021BCB1 /* Release */,
			);
			defaultConfigurationIsVisible = 0;
			defaultConfigurationName = Release;
		};
		88549798231B677D0021BCB1 /* Build configuration list for PBXNativeTarget "MusicFeedTests" */ = {
			isa = XCConfigurationList;
			buildConfigurations = (
				88549799231B677D0021BCB1 /* Debug */,
				8854979A231B677D0021BCB1 /* Release */,
			);
			defaultConfigurationIsVisible = 0;
			defaultConfigurationName = Release;
		};
		8854979B231B677D0021BCB1 /* Build configuration list for PBXNativeTarget "MusicFeedUITests" */ = {
			isa = XCConfigurationList;
			buildConfigurations = (
				8854979C231B677D0021BCB1 /* Debug */,
				8854979D231B677D0021BCB1 /* Release */,
			);
			defaultConfigurationIsVisible = 0;
			defaultConfigurationName = Release;
		};
/* End XCConfigurationList section */
	};
	rootObject = 88549763231B677C0021BCB1 /* Project object */;
}
